{
  "name": "the-one-with-cli-things",
  "version": "1.0.0",
  "lockfileVersion": 1,
  "requires": true,
  "dependencies": {
    "cli-slides": {
      "version": "1.0.4",
      "resolved": "https://registry.npmjs.org/cli-slides/-/cli-slides-1.0.4.tgz",
      "integrity": "sha512-YwXChFPd5itrF+gWH+s7ieYXUDz8nmmbXtgjruBvzXX4qUHH1FoHvc47QSAmvYznhHf8fOhWZvev+6bqGYepNQ=="
    },
    "offensive-words-filter": {
      "version": "1.0.0",
      "resolved": "https://registry.npmjs.org/offensive-words-filter/-/offensive-words-filter-1.0.0.tgz",
      "integrity": "sha512-4AjE/2ddFTPDVYA6M4efz7HoS6c5VQb07nG9gN9gY8vCbxxIr5JE1B14xfsF26sIJJaLUWvWVZbTMCBVT9AmQg=="
    }
  }
}
