{
  "requires": true,
  "lockfileVersion": 1,
  "dependencies": {
    "cli-slides": {
      "version": "1.0.4",
      "resolved": "https://registry.npmjs.org/cli-slides/-/cli-slides-1.0.4.tgz",
      "integrity": "sha512-YwXChFPd5itrF+gWH+s7ieYXUDz8nmmbXtgjruBvzXX4qUHH1FoHvc47QSAmvYznhHf8fOhWZvev+6bqGYepNQ=="
    }
  }
}
